
Microsoft Visual Studio Solution File, Format Version 12.00
# Visual Studio 15
VisualStudioVersion = 15.0.28307.852
MinimumVisualStudioVersion = 10.0.40219.1
Project("{FAE04EC0-301F-11D3-BF4B-00C04F79EFBC}") = "TEMP", "TEMP\TEMP.csproj", "{155A0B0C-D783-4D8B-8B5E-65DCEBD14E7D}"
EndProject
Global
	GlobalSection(SolutionConfigurationPlatforms) = preSolution
		Debug|Any CPU = Debug|Any CPU
		Release|Any CPU = Release|Any CPU
	EndGlobalSection
	GlobalSection(ProjectConfigurationPlatforms) = postSolution
		{155A0B0C-D783-4D8B-8B5E-65DCEBD14E7D}.Debug|Any CPU.ActiveCfg = Debug|Any CPU
		{155A0B0C-D783-4D8B-8B5E-65DCEBD14E7D}.Debug|Any CPU.Build.0 = Debug|Any CPU
		{155A0B0C-D783-4D8B-8B5E-65DCEBD14E7D}.Release|Any CPU.ActiveCfg = Release|Any CPU
		{155A0B0C-D783-4D8B-8B5E-65DCEBD14E7D}.Release|Any CPU.Build.0 = Release|Any CPU
	EndGlobalSection
	GlobalSection(SolutionProperties) = preSolution
		HideSolutionNode = FALSE
	EndGlobalSection
	GlobalSection(ExtensibilityGlobals) = postSolution
		SolutionGuid = {46D3AAF3-6488-419E-855A-2D5DE071FD57}
	EndGlobalSection
EndGlobal
