
Microsoft Visual Studio Solution File, Format Version 12.00
# Visual Studio 14
VisualStudioVersion = 14.0.23107.0
MinimumVisualStudioVersion = 10.0.40219.1
Project("{FAE04EC0-301F-11D3-BF4B-00C04F79EFBC}") = "GetShengXiao", "GetShengXiao\GetShengXiao.csproj", "{29AE1B7F-2B66-4A2F-BA7B-B396CCCFDA2C}"
EndProject
Global
	GlobalSection(SolutionConfigurationPlatforms) = preSolution
		Debug|Any CPU = Debug|Any CPU
		Release|Any CPU = Release|Any CPU
	EndGlobalSection
	GlobalSection(ProjectConfigurationPlatforms) = postSolution
		{29AE1B7F-2B66-4A2F-BA7B-B396CCCFDA2C}.Debug|Any CPU.ActiveCfg = Debug|Any CPU
		{29AE1B7F-2B66-4A2F-BA7B-B396CCCFDA2C}.Debug|Any CPU.Build.0 = Debug|Any CPU
		{29AE1B7F-2B66-4A2F-BA7B-B396CCCFDA2C}.Release|Any CPU.ActiveCfg = Release|Any CPU
		{29AE1B7F-2B66-4A2F-BA7B-B396CCCFDA2C}.Release|Any CPU.Build.0 = Release|Any CPU
	EndGlobalSection
	GlobalSection(SolutionProperties) = preSolution
		HideSolutionNode = FALSE
	EndGlobalSection
EndGlobal
