
Microsoft Visual Studio Solution File, Format Version 12.00
# Visual Studio Version 16
VisualStudioVersion = 16.0.31624.102
MinimumVisualStudioVersion = 10.0.40219.1
Project("{FAE04EC0-301F-11D3-BF4B-00C04F79EFBC}") = "WindowsFormsApp1", "WindowsFormsApp1.csproj", "{0C05BB8C-542C-434D-9752-019A0EC5D230}"
EndProject
Global
	GlobalSection(SolutionConfigurationPlatforms) = preSolution
		Debug|Any CPU = Debug|Any CPU
		Release|Any CPU = Release|Any CPU
	EndGlobalSection
	GlobalSection(ProjectConfigurationPlatforms) = postSolution
		{0C05BB8C-542C-434D-9752-019A0EC5D230}.Debug|Any CPU.ActiveCfg = Debug|Any CPU
		{0C05BB8C-542C-434D-9752-019A0EC5D230}.Debug|Any CPU.Build.0 = Debug|Any CPU
		{0C05BB8C-542C-434D-9752-019A0EC5D230}.Release|Any CPU.ActiveCfg = Release|Any CPU
		{0C05BB8C-542C-434D-9752-019A0EC5D230}.Release|Any CPU.Build.0 = Release|Any CPU
	EndGlobalSection
	GlobalSection(SolutionProperties) = preSolution
		HideSolutionNode = FALSE
	EndGlobalSection
	GlobalSection(ExtensibilityGlobals) = postSolution
		SolutionGuid = {F0104F85-EF42-4320-9648-CA2B78B7B897}
	EndGlobalSection
EndGlobal
